// !$*UTF8*$!
{
	archiveVersion = 1;
	classes = {
	};
	objectVersion = 56;
	objects = {

/* Begin PBXBuildFile section */
		221F22672C15570A000082BD /* PokemonExtensions.swift in Sources */ = {isa = PBXBuildFile; fileRef = 221F22662C15570A000082BD /* PokemonExtensions.swift */; };
		2242962D2C184EA10002B6D9 /* Kingfisher in Frameworks */ = {isa = PBXBuildFile; productRef = 2242962C2C184EA10002B6D9 /* Kingfisher */; };
		224B76BC2C119FCB00B3A2A6 /* SamplePokemonAppApp.swift in Sources */ = {isa = PBXBuildFile; fileRef = 224B76BB2C119FCB00B3A2A6 /* SamplePokemonAppApp.swift */; };
		224B76BE2C119FCB00B3A2A6 /* HomeView.swift in Sources */ = {isa = PBXBuildFile; fileRef = 224B76BD2C119FCB00B3A2A6 /* HomeView.swift */; };
		224B76C22C119FCC00B3A2A6 /* Assets.xcassets in Resources */ = {isa = PBXBuildFile; fileRef = 224B76C12C119FCC00B3A2A6 /* Assets.xcassets */; };
		224B76C62C119FCC00B3A2A6 /* Preview Assets.xcassets in Resources */ = {isa = PBXBuildFile; fileRef = 224B76C52C119FCC00B3A2A6 /* Preview Assets.xcassets */; };
		224B76EE2C11ABF900B3A2A6 /* HomeViewModel.swift in Sources */ = {isa = PBXBuildFile; fileRef = 224B76ED2C11ABF900B3A2A6 /* HomeViewModel.swift */; };
		224B76F12C11ACC300B3A2A6 /* Constants.swift in Sources */ = {isa = PBXBuildFile; fileRef = 224B76F02C11ACC300B3A2A6 /* Constants.swift */; };
		224B76F32C11B0AF00B3A2A6 /* NetworkManagerProtocal.swift in Sources */ = {isa = PBXBuildFile; fileRef = 224B76F22C11B0AF00B3A2A6 /* NetworkManagerProtocal.swift */; };
		224B76F62C11B71900B3A2A6 /* ApiEndPoint.swift in Sources */ = {isa = PBXBuildFile; fileRef = 224B76F52C11B71900B3A2A6 /* ApiEndPoint.swift */; };
		224B76F82C11BD0D00B3A2A6 /* NetworkManager.swift in Sources */ = {isa = PBXBuildFile; fileRef = 224B76F72C11BD0D00B3A2A6 /* NetworkManager.swift */; };
		224B76FA2C11BE3A00B3A2A6 /* ApiError.swift in Sources */ = {isa = PBXBuildFile; fileRef = 224B76F92C11BE3A00B3A2A6 /* ApiError.swift */; };
		224B76FC2C11C5E600B3A2A6 /* PokemonsResultsModel.swift in Sources */ = {isa = PBXBuildFile; fileRef = 224B76FB2C11C5E600B3A2A6 /* PokemonsResultsModel.swift */; };
		224B76FE2C11C71900B3A2A6 /* PokemonResponseModel.swift in Sources */ = {isa = PBXBuildFile; fileRef = 224B76FD2C11C71900B3A2A6 /* PokemonResponseModel.swift */; };
		224B77002C11CC4600B3A2A6 /* Pokemon.swift in Sources */ = {isa = PBXBuildFile; fileRef = 224B76FF2C11CC4600B3A2A6 /* Pokemon.swift */; };
		227594362C170420008CDD1A /* ScrollOffsetPreferenceKey.swift in Sources */ = {isa = PBXBuildFile; fileRef = 227594352C170420008CDD1A /* ScrollOffsetPreferenceKey.swift */; };
		227594382C174C3C008CDD1A /* PrimaryButton.swift in Sources */ = {isa = PBXBuildFile; fileRef = 227594372C174C3C008CDD1A /* PrimaryButton.swift */; };
		2275943A2C174D25008CDD1A /* SimpleButton.swift in Sources */ = {isa = PBXBuildFile; fileRef = 227594392C174D25008CDD1A /* SimpleButton.swift */; };
		2280C0522C1495A30027A09F /* HomeViewModelTests.swift in Sources */ = {isa = PBXBuildFile; fileRef = 2280C0512C1495A30027A09F /* HomeViewModelTests.swift */; };
		2280C05B2C14A1750027A09F /* MocNetworkManager.swift in Sources */ = {isa = PBXBuildFile; fileRef = 2280C0532C149E3B0027A09F /* MocNetworkManager.swift */; };
		2280C0612C14B4D80027A09F /* MocPokemon.swift in Sources */ = {isa = PBXBuildFile; fileRef = 2280C0602C14B4D80027A09F /* MocPokemon.swift */; };
		22C8AA4D2C12DF8C00D1D742 /* Sprites.swift in Sources */ = {isa = PBXBuildFile; fileRef = 22C8AA4C2C12DF8C00D1D742 /* Sprites.swift */; };
		22C8AA502C12F10900D1D742 /* OtherSprites.swift in Sources */ = {isa = PBXBuildFile; fileRef = 22C8AA4F2C12F10900D1D742 /* OtherSprites.swift */; };
		22C8AA522C12F11C00D1D742 /* DreamWorldSprites.swift in Sources */ = {isa = PBXBuildFile; fileRef = 22C8AA512C12F11C00D1D742 /* DreamWorldSprites.swift */; };
		22C8AA542C12F13A00D1D742 /* HomeSprites.swift in Sources */ = {isa = PBXBuildFile; fileRef = 22C8AA532C12F13A00D1D742 /* HomeSprites.swift */; };
		22C8AA562C12F14F00D1D742 /* OfficialArtworkSprites.swift in Sources */ = {isa = PBXBuildFile; fileRef = 22C8AA552C12F14F00D1D742 /* OfficialArtworkSprites.swift */; };
		22C8AA582C12F16100D1D742 /* ShowdownArtworkSprites.swift in Sources */ = {isa = PBXBuildFile; fileRef = 22C8AA572C12F16100D1D742 /* ShowdownArtworkSprites.swift */; };
		22C8AA5B2C12F48000D1D742 /* PokemonService.swift in Sources */ = {isa = PBXBuildFile; fileRef = 22C8AA5A2C12F48000D1D742 /* PokemonService.swift */; };
		22C8AA5D2C12F5DD00D1D742 /* ServiceProtocol.swift in Sources */ = {isa = PBXBuildFile; fileRef = 22C8AA5C2C12F5DD00D1D742 /* ServiceProtocol.swift */; };
		22EADD632C15352D007BC102 /* Typealiases.swift in Sources */ = {isa = PBXBuildFile; fileRef = 22EADD622C15352D007BC102 /* Typealiases.swift */; };
		22EADD6A2C154846007BC102 /* PrimaryCollectionCellView.swift in Sources */ = {isa = PBXBuildFile; fileRef = 22EADD692C154846007BC102 /* PrimaryCollectionCellView.swift */; };
		22FC74B62C15CE9100BD785A /* SDWebImageSwiftUI in Frameworks */ = {isa = PBXBuildFile; productRef = 22FC74B52C15CE9100BD785A /* SDWebImageSwiftUI */; };
		22FC74B82C15DC5400BD785A /* PokemonColor.swift in Sources */ = {isa = PBXBuildFile; fileRef = 22FC74B72C15DC5400BD785A /* PokemonColor.swift */; };
		22FC74BA2C15F1D000BD785A /* PokemonSpecies.swift in Sources */ = {isa = PBXBuildFile; fileRef = 22FC74B92C15F1D000BD785A /* PokemonSpecies.swift */; };
		22FC74BD2C15FE8500BD785A /* Color+Extension.swift in Sources */ = {isa = PBXBuildFile; fileRef = 22FC74BC2C15FE8500BD785A /* Color+Extension.swift */; };
		22FC74C12C162E2200BD785A /* Colors.swift in Sources */ = {isa = PBXBuildFile; fileRef = 22FC74C02C162E2200BD785A /* Colors.swift */; };
		22FC74C32C163D6400BD785A /* Images.swift in Sources */ = {isa = PBXBuildFile; fileRef = 22FC74C22C163D6400BD785A /* Images.swift */; };
		22FC74C62C1648D200BD785A /* BackgroundImageModifier.swift in Sources */ = {isa = PBXBuildFile; fileRef = 22FC74C52C1648D200BD785A /* BackgroundImageModifier.swift */; };
/* End PBXBuildFile section */

/* Begin PBXContainerItemProxy section */
		224B76CC2C119FCC00B3A2A6 /* PBXContainerItemProxy */ = {
			isa = PBXContainerItemProxy;
			containerPortal = 224B76B02C119FCB00B3A2A6 /* Project object */;
			proxyType = 1;
			remoteGlobalIDString = 224B76B72C119FCB00B3A2A6;
			remoteInfo = SamplePokemonApp;
		};
/* End PBXContainerItemProxy section */

/* Begin PBXFileReference section */
		221F22662C15570A000082BD /* PokemonExtensions.swift */ = {isa = PBXFileReference; lastKnownFileType = sourcecode.swift; path = PokemonExtensions.swift; sourceTree = "<group>"; };
		224B76B82C119FCB00B3A2A6 /* SamplePokemonApp.app */ = {isa = PBXFileReference; explicitFileType = wrapper.application; includeInIndex = 0; path = SamplePokemonApp.app; sourceTree = BUILT_PRODUCTS_DIR; };
		224B76BB2C119FCB00B3A2A6 /* SamplePokemonAppApp.swift */ = {isa = PBXFileReference; lastKnownFileType = sourcecode.swift; path = SamplePokemonAppApp.swift; sourceTree = "<group>"; };
		224B76BD2C119FCB00B3A2A6 /* HomeView.swift */ = {isa = PBXFileReference; lastKnownFileType = sourcecode.swift; path = HomeView.swift; sourceTree = "<group>"; };
		224B76C12C119FCC00B3A2A6 /* Assets.xcassets */ = {isa = PBXFileReference; lastKnownFileType = folder.assetcatalog; path = Assets.xcassets; sourceTree = "<group>"; };
		224B76C32C119FCC00B3A2A6 /* SamplePokemonApp.entitlements */ = {isa = PBXFileReference; lastKnownFileType = text.plist.entitlements; path = SamplePokemonApp.entitlements; sourceTree = "<group>"; };
		224B76C52C119FCC00B3A2A6 /* Preview Assets.xcassets */ = {isa = PBXFileReference; lastKnownFileType = folder.assetcatalog; path = "Preview Assets.xcassets"; sourceTree = "<group>"; };
		224B76CB2C119FCC00B3A2A6 /* SamplePokemonAppTests.xctest */ = {isa = PBXFileReference; explicitFileType = wrapper.cfbundle; includeInIndex = 0; path = SamplePokemonAppTests.xctest; sourceTree = BUILT_PRODUCTS_DIR; };
		224B76ED2C11ABF900B3A2A6 /* HomeViewModel.swift */ = {isa = PBXFileReference; lastKnownFileType = sourcecode.swift; path = HomeViewModel.swift; sourceTree = "<group>"; };
		224B76F02C11ACC300B3A2A6 /* Constants.swift */ = {isa = PBXFileReference; lastKnownFileType = sourcecode.swift; path = Constants.swift; sourceTree = "<group>"; };
		224B76F22C11B0AF00B3A2A6 /* NetworkManagerProtocal.swift */ = {isa = PBXFileReference; lastKnownFileType = sourcecode.swift; path = NetworkManagerProtocal.swift; sourceTree = "<group>"; };
		224B76F52C11B71900B3A2A6 /* ApiEndPoint.swift */ = {isa = PBXFileReference; lastKnownFileType = sourcecode.swift; path = ApiEndPoint.swift; sourceTree = "<group>"; };
		224B76F72C11BD0D00B3A2A6 /* NetworkManager.swift */ = {isa = PBXFileReference; lastKnownFileType = sourcecode.swift; path = NetworkManager.swift; sourceTree = "<group>"; };
		224B76F92C11BE3A00B3A2A6 /* ApiError.swift */ = {isa = PBXFileReference; lastKnownFileType = sourcecode.swift; path = ApiError.swift; sourceTree = "<group>"; };
		224B76FB2C11C5E600B3A2A6 /* PokemonsResultsModel.swift */ = {isa = PBXFileReference; lastKnownFileType = sourcecode.swift; path = PokemonsResultsModel.swift; sourceTree = "<group>"; };
		224B76FD2C11C71900B3A2A6 /* PokemonResponseModel.swift */ = {isa = PBXFileReference; lastKnownFileType = sourcecode.swift; path = PokemonResponseModel.swift; sourceTree = "<group>"; };
		224B76FF2C11CC4600B3A2A6 /* Pokemon.swift */ = {isa = PBXFileReference; lastKnownFileType = sourcecode.swift; path = Pokemon.swift; sourceTree = "<group>"; };
		227594352C170420008CDD1A /* ScrollOffsetPreferenceKey.swift */ = {isa = PBXFileReference; lastKnownFileType = sourcecode.swift; path = ScrollOffsetPreferenceKey.swift; sourceTree = "<group>"; };
		227594372C174C3C008CDD1A /* PrimaryButton.swift */ = {isa = PBXFileReference; lastKnownFileType = sourcecode.swift; path = PrimaryButton.swift; sourceTree = "<group>"; };
		227594392C174D25008CDD1A /* SimpleButton.swift */ = {isa = PBXFileReference; lastKnownFileType = sourcecode.swift; path = SimpleButton.swift; sourceTree = "<group>"; };
		2280C0512C1495A30027A09F /* HomeViewModelTests.swift */ = {isa = PBXFileReference; lastKnownFileType = sourcecode.swift; path = HomeViewModelTests.swift; sourceTree = "<group>"; };
		2280C0532C149E3B0027A09F /* MocNetworkManager.swift */ = {isa = PBXFileReference; lastKnownFileType = sourcecode.swift; path = MocNetworkManager.swift; sourceTree = "<group>"; };
		2280C0602C14B4D80027A09F /* MocPokemon.swift */ = {isa = PBXFileReference; lastKnownFileType = sourcecode.swift; path = MocPokemon.swift; sourceTree = "<group>"; };
		22C8AA4C2C12DF8C00D1D742 /* Sprites.swift */ = {isa = PBXFileReference; lastKnownFileType = sourcecode.swift; path = Sprites.swift; sourceTree = "<group>"; };
		22C8AA4F2C12F10900D1D742 /* OtherSprites.swift */ = {isa = PBXFileReference; lastKnownFileType = sourcecode.swift; path = OtherSprites.swift; sourceTree = "<group>"; };
		22C8AA512C12F11C00D1D742 /* DreamWorldSprites.swift */ = {isa = PBXFileReference; lastKnownFileType = sourcecode.swift; path = DreamWorldSprites.swift; sourceTree = "<group>"; };
		22C8AA532C12F13A00D1D742 /* HomeSprites.swift */ = {isa = PBXFileReference; lastKnownFileType = sourcecode.swift; path = HomeSprites.swift; sourceTree = "<group>"; };
		22C8AA552C12F14F00D1D742 /* OfficialArtworkSprites.swift */ = {isa = PBXFileReference; lastKnownFileType = sourcecode.swift; path = OfficialArtworkSprites.swift; sourceTree = "<group>"; };
		22C8AA572C12F16100D1D742 /* ShowdownArtworkSprites.swift */ = {isa = PBXFileReference; lastKnownFileType = sourcecode.swift; path = ShowdownArtworkSprites.swift; sourceTree = "<group>"; };
		22C8AA5A2C12F48000D1D742 /* PokemonService.swift */ = {isa = PBXFileReference; lastKnownFileType = sourcecode.swift; path = PokemonService.swift; sourceTree = "<group>"; };
		22C8AA5C2C12F5DD00D1D742 /* ServiceProtocol.swift */ = {isa = PBXFileReference; lastKnownFileType = sourcecode.swift; path = ServiceProtocol.swift; sourceTree = "<group>"; };
		22EADD622C15352D007BC102 /* Typealiases.swift */ = {isa = PBXFileReference; lastKnownFileType = sourcecode.swift; path = Typealiases.swift; sourceTree = "<group>"; };
		22EADD692C154846007BC102 /* PrimaryCollectionCellView.swift */ = {isa = PBXFileReference; lastKnownFileType = sourcecode.swift; path = PrimaryCollectionCellView.swift; sourceTree = "<group>"; };
		22FC74B72C15DC5400BD785A /* PokemonColor.swift */ = {isa = PBXFileReference; lastKnownFileType = sourcecode.swift; path = PokemonColor.swift; sourceTree = "<group>"; };
		22FC74B92C15F1D000BD785A /* PokemonSpecies.swift */ = {isa = PBXFileReference; lastKnownFileType = sourcecode.swift; path = PokemonSpecies.swift; sourceTree = "<group>"; };
		22FC74BC2C15FE8500BD785A /* Color+Extension.swift */ = {isa = PBXFileReference; lastKnownFileType = sourcecode.swift; path = "Color+Extension.swift"; sourceTree = "<group>"; };
		22FC74C02C162E2200BD785A /* Colors.swift */ = {isa = PBXFileReference; lastKnownFileType = sourcecode.swift; path = Colors.swift; sourceTree = "<group>"; };
		22FC74C22C163D6400BD785A /* Images.swift */ = {isa = PBXFileReference; lastKnownFileType = sourcecode.swift; path = Images.swift; sourceTree = "<group>"; };
		22FC74C52C1648D200BD785A /* BackgroundImageModifier.swift */ = {isa = PBXFileReference; lastKnownFileType = sourcecode.swift; path = BackgroundImageModifier.swift; sourceTree = "<group>"; };
/* End PBXFileReference section */

/* Begin PBXFrameworksBuildPhase section */
		224B76B52C119FCB00B3A2A6 /* Frameworks */ = {
			isa = PBXFrameworksBuildPhase;
			buildActionMask = 2147483647;
			files = (
				2242962D2C184EA10002B6D9 /* Kingfisher in Frameworks */,
				22FC74B62C15CE9100BD785A /* SDWebImageSwiftUI in Frameworks */,
			);
			runOnlyForDeploymentPostprocessing = 0;
		};
		224B76C82C119FCC00B3A2A6 /* Frameworks */ = {
			isa = PBXFrameworksBuildPhase;
			buildActionMask = 2147483647;
			files = (
			);
			runOnlyForDeploymentPostprocessing = 0;
		};
/* End PBXFrameworksBuildPhase section */

/* Begin PBXGroup section */
		221F22652C1556E8000082BD /* Extensions */ = {
			isa = PBXGroup;
			children = (
				221F22662C15570A000082BD /* PokemonExtensions.swift */,
			);
			path = Extensions;
			sourceTree = "<group>";
		};
		224B76AF2C119FCB00B3A2A6 = {
			isa = PBXGroup;
			children = (
				224B76BA2C119FCB00B3A2A6 /* SamplePokemonApp */,
				224B76CE2C119FCC00B3A2A6 /* SamplePokemonAppTests */,
				224B76B92C119FCB00B3A2A6 /* Products */,
			);
			sourceTree = "<group>";
		};
		224B76B92C119FCB00B3A2A6 /* Products */ = {
			isa = PBXGroup;
			children = (
				224B76B82C119FCB00B3A2A6 /* SamplePokemonApp.app */,
				224B76CB2C119FCC00B3A2A6 /* SamplePokemonAppTests.xctest */,
			);
			name = Products;
			sourceTree = "<group>";
		};
		224B76BA2C119FCB00B3A2A6 /* SamplePokemonApp */ = {
			isa = PBXGroup;
			children = (
				224B76BB2C119FCB00B3A2A6 /* SamplePokemonAppApp.swift */,
				224B76EA2C11AB8100B3A2A6 /* Models */,
				224B76E82C11AB5E00B3A2A6 /* Views */,
				224B76E92C11AB6600B3A2A6 /* ViewModels */,
				224B76EB2C11AB9200B3A2A6 /* Services */,
				224B76EC2C11AB9E00B3A2A6 /* Managers */,
				224B76EF2C11AC9700B3A2A6 /* Utils */,
				224B76C12C119FCC00B3A2A6 /* Assets.xcassets */,
				224B76C32C119FCC00B3A2A6 /* SamplePokemonApp.entitlements */,
				224B76C42C119FCC00B3A2A6 /* Preview Content */,
			);
			path = SamplePokemonApp;
			sourceTree = "<group>";
		};
		224B76C42C119FCC00B3A2A6 /* Preview Content */ = {
			isa = PBXGroup;
			children = (
				224B76C52C119FCC00B3A2A6 /* Preview Assets.xcassets */,
			);
			path = "Preview Content";
			sourceTree = "<group>";
		};
		224B76CE2C119FCC00B3A2A6 /* SamplePokemonAppTests */ = {
			isa = PBXGroup;
			children = (
				2280C0512C1495A30027A09F /* HomeViewModelTests.swift */,
			);
			path = SamplePokemonAppTests;
			sourceTree = "<group>";
		};
		224B76E82C11AB5E00B3A2A6 /* Views */ = {
			isa = PBXGroup;
			children = (
				22FC74C42C1648C500BD785A /* ViewModifiers */,
				22EADD652C1547EF007BC102 /* SubViews */,
				224B76BD2C119FCB00B3A2A6 /* HomeView.swift */,
			);
			path = Views;
			sourceTree = "<group>";
		};
		224B76E92C11AB6600B3A2A6 /* ViewModels */ = {
			isa = PBXGroup;
			children = (
				224B76ED2C11ABF900B3A2A6 /* HomeViewModel.swift */,
			);
			path = ViewModels;
			sourceTree = "<group>";
		};
		224B76EA2C11AB8100B3A2A6 /* Models */ = {
			isa = PBXGroup;
			children = (
				221F22652C1556E8000082BD /* Extensions */,
				224B76FB2C11C5E600B3A2A6 /* PokemonsResultsModel.swift */,
				224B76FD2C11C71900B3A2A6 /* PokemonResponseModel.swift */,
				224B76FF2C11CC4600B3A2A6 /* Pokemon.swift */,
				22FC74B92C15F1D000BD785A /* PokemonSpecies.swift */,
				22FC74B72C15DC5400BD785A /* PokemonColor.swift */,
				22C8AA4E2C12F0F700D1D742 /* PokemonSprites */,
			);
			path = Models;
			sourceTree = "<group>";
		};
		224B76EB2C11AB9200B3A2A6 /* Services */ = {
			isa = PBXGroup;
			children = (
				2280C05C2C14A2EC0027A09F /* PokemonService */,
			);
			path = Services;
			sourceTree = "<group>";
		};
		224B76EC2C11AB9E00B3A2A6 /* Managers */ = {
			isa = PBXGroup;
			children = (
				224B76F42C11B70F00B3A2A6 /* NetworkManager */,
			);
			path = Managers;
			sourceTree = "<group>";
		};
		224B76EF2C11AC9700B3A2A6 /* Utils */ = {
			isa = PBXGroup;
			children = (
				22FC74BB2C15FE7400BD785A /* Extensions */,
				2280C0582C14A1620027A09F /* Mocs */,
				224B76F02C11ACC300B3A2A6 /* Constants.swift */,
				22FC74C22C163D6400BD785A /* Images.swift */,
				224B76F92C11BE3A00B3A2A6 /* ApiError.swift */,
				22EADD622C15352D007BC102 /* Typealiases.swift */,
				22FC74C02C162E2200BD785A /* Colors.swift */,
				227594352C170420008CDD1A /* ScrollOffsetPreferenceKey.swift */,
			);
			path = Utils;
			sourceTree = "<group>";
		};
		224B76F42C11B70F00B3A2A6 /* NetworkManager */ = {
			isa = PBXGroup;
			children = (
				224B76F22C11B0AF00B3A2A6 /* NetworkManagerProtocal.swift */,
				224B76F52C11B71900B3A2A6 /* ApiEndPoint.swift */,
				224B76F72C11BD0D00B3A2A6 /* NetworkManager.swift */,
			);
			path = NetworkManager;
			sourceTree = "<group>";
		};
		2280C0582C14A1620027A09F /* Mocs */ = {
			isa = PBXGroup;
			children = (
				2280C0532C149E3B0027A09F /* MocNetworkManager.swift */,
				2280C0602C14B4D80027A09F /* MocPokemon.swift */,
			);
			path = Mocs;
			sourceTree = "<group>";
		};
		2280C05C2C14A2EC0027A09F /* PokemonService */ = {
			isa = PBXGroup;
			children = (
				22C8AA5C2C12F5DD00D1D742 /* ServiceProtocol.swift */,
				22C8AA5A2C12F48000D1D742 /* PokemonService.swift */,
			);
			path = PokemonService;
			sourceTree = "<group>";
		};
		22C8AA4E2C12F0F700D1D742 /* PokemonSprites */ = {
			isa = PBXGroup;
			children = (
				22C8AA4C2C12DF8C00D1D742 /* Sprites.swift */,
				22C8AA592C12F1F600D1D742 /* Other */,
			);
			path = PokemonSprites;
			sourceTree = "<group>";
		};
		22C8AA592C12F1F600D1D742 /* Other */ = {
			isa = PBXGroup;
			children = (
				22C8AA4F2C12F10900D1D742 /* OtherSprites.swift */,
				22C8AA512C12F11C00D1D742 /* DreamWorldSprites.swift */,
				22C8AA532C12F13A00D1D742 /* HomeSprites.swift */,
				22C8AA552C12F14F00D1D742 /* OfficialArtworkSprites.swift */,
				22C8AA572C12F16100D1D742 /* ShowdownArtworkSprites.swift */,
			);
			path = Other;
			sourceTree = "<group>";
		};
		22EADD652C1547EF007BC102 /* SubViews */ = {
			isa = PBXGroup;
			children = (
				22EADD682C154836007BC102 /* Cells */,
			);
			path = SubViews;
			sourceTree = "<group>";
		};
		22EADD682C154836007BC102 /* Cells */ = {
			isa = PBXGroup;
			children = (
				22EADD692C154846007BC102 /* PrimaryCollectionCellView.swift */,
			);
			path = Cells;
			sourceTree = "<group>";
		};
		22FC74BB2C15FE7400BD785A /* Extensions */ = {
			isa = PBXGroup;
			children = (
				22FC74BC2C15FE8500BD785A /* Color+Extension.swift */,
			);
			path = Extensions;
			sourceTree = "<group>";
		};
		22FC74C42C1648C500BD785A /* ViewModifiers */ = {
			isa = PBXGroup;
			children = (
				22FC74C52C1648D200BD785A /* BackgroundImageModifier.swift */,
				227594372C174C3C008CDD1A /* PrimaryButton.swift */,
				227594392C174D25008CDD1A /* SimpleButton.swift */,
			);
			path = ViewModifiers;
			sourceTree = "<group>";
		};
/* End PBXGroup section */

/* Begin PBXNativeTarget section */
		224B76B72C119FCB00B3A2A6 /* SamplePokemonApp */ = {
			isa = PBXNativeTarget;
			buildConfigurationList = 224B76DF2C119FCC00B3A2A6 /* Build configuration list for PBXNativeTarget "SamplePokemonApp" */;
			buildPhases = (
				224B76B42C119FCB00B3A2A6 /* Sources */,
				224B76B52C119FCB00B3A2A6 /* Frameworks */,
				224B76B62C119FCB00B3A2A6 /* Resources */,
			);
			buildRules = (
			);
			dependencies = (
			);
			name = SamplePokemonApp;
			packageProductDependencies = (
				22FC74B52C15CE9100BD785A /* SDWebImageSwiftUI */,
				2242962C2C184EA10002B6D9 /* Kingfisher */,
			);
			productName = SamplePokemonApp;
			productReference = 224B76B82C119FCB00B3A2A6 /* SamplePokemonApp.app */;
			productType = "com.apple.product-type.application";
		};
		224B76CA2C119FCC00B3A2A6 /* SamplePokemonAppTests */ = {
			isa = PBXNativeTarget;
			buildConfigurationList = 224B76E22C119FCC00B3A2A6 /* Build configuration list for PBXNativeTarget "SamplePokemonAppTests" */;
			buildPhases = (
				224B76C72C119FCC00B3A2A6 /* Sources */,
				224B76C82C119FCC00B3A2A6 /* Frameworks */,
				224B76C92C119FCC00B3A2A6 /* Resources */,
			);
			buildRules = (
			);
			dependencies = (
				224B76CD2C119FCC00B3A2A6 /* PBXTargetDependency */,
			);
			name = SamplePokemonAppTests;
			productName = SamplePokemonAppTests;
			productReference = 224B76CB2C119FCC00B3A2A6 /* SamplePokemonAppTests.xctest */;
			productType = "com.apple.product-type.bundle.unit-test";
		};
/* End PBXNativeTarget section */

/* Begin PBXProject section */
		224B76B02C119FCB00B3A2A6 /* Project object */ = {
			isa = PBXProject;
			attributes = {
				BuildIndependentTargetsInParallel = 1;
				LastSwiftUpdateCheck = 1530;
				LastUpgradeCheck = 1530;
				TargetAttributes = {
					224B76B72C119FCB00B3A2A6 = {
						CreatedOnToolsVersion = 15.3;
					};
					224B76CA2C119FCC00B3A2A6 = {
						CreatedOnToolsVersion = 15.3;
						TestTargetID = 224B76B72C119FCB00B3A2A6;
					};
				};
			};
			buildConfigurationList = 224B76B32C119FCB00B3A2A6 /* Build configuration list for PBXProject "SamplePokemonApp" */;
			compatibilityVersion = "Xcode 14.0";
			developmentRegion = en;
			hasScannedForEncodings = 0;
			knownRegions = (
				en,
				Base,
			);
			mainGroup = 224B76AF2C119FCB00B3A2A6;
			packageReferences = (
				22FC74B42C15CE9100BD785A /* XCRemoteSwiftPackageReference "SDWebImageSwiftUI" */,
				2242962B2C184EA10002B6D9 /* XCRemoteSwiftPackageReference "Kingfisher" */,
			);
			productRefGroup = 224B76B92C119FCB00B3A2A6 /* Products */;
			projectDirPath = "";
			projectRoot = "";
			targets = (
				224B76B72C119FCB00B3A2A6 /* SamplePokemonApp */,
				224B76CA2C119FCC00B3A2A6 /* SamplePokemonAppTests */,
			);
		};
/* End PBXProject section */

/* Begin PBXResourcesBuildPhase section */
		224B76B62C119FCB00B3A2A6 /* Resources */ = {
			isa = PBXResourcesBuildPhase;
			buildActionMask = 2147483647;
			files = (
				224B76C62C119FCC00B3A2A6 /* Preview Assets.xcassets in Resources */,
				224B76C22C119FCC00B3A2A6 /* Assets.xcassets in Resources */,
			);
			runOnlyForDeploymentPostprocessing = 0;
		};
		224B76C92C119FCC00B3A2A6 /* Resources */ = {
			isa = PBXResourcesBuildPhase;
			buildActionMask = 2147483647;
			files = (
			);
			runOnlyForDeploymentPostprocessing = 0;
		};
/* End PBXResourcesBuildPhase section */

/* Begin PBXSourcesBuildPhase section */
		224B76B42C119FCB00B3A2A6 /* Sources */ = {
			isa = PBXSourcesBuildPhase;
			buildActionMask = 2147483647;
			files = (
				224B76F32C11B0AF00B3A2A6 /* NetworkManagerProtocal.swift in Sources */,
				224B76BE2C119FCB00B3A2A6 /* HomeView.swift in Sources */,
				22C8AA5D2C12F5DD00D1D742 /* ServiceProtocol.swift in Sources */,
				22C8AA4D2C12DF8C00D1D742 /* Sprites.swift in Sources */,
				224B76EE2C11ABF900B3A2A6 /* HomeViewModel.swift in Sources */,
				2275943A2C174D25008CDD1A /* SimpleButton.swift in Sources */,
				227594382C174C3C008CDD1A /* PrimaryButton.swift in Sources */,
				224B76F82C11BD0D00B3A2A6 /* NetworkManager.swift in Sources */,
				2280C0612C14B4D80027A09F /* MocPokemon.swift in Sources */,
				22C8AA522C12F11C00D1D742 /* DreamWorldSprites.swift in Sources */,
				22FC74BA2C15F1D000BD785A /* PokemonSpecies.swift in Sources */,
				224B76FC2C11C5E600B3A2A6 /* PokemonsResultsModel.swift in Sources */,
				22FC74C32C163D6400BD785A /* Images.swift in Sources */,
				22C8AA542C12F13A00D1D742 /* HomeSprites.swift in Sources */,
				22FC74C62C1648D200BD785A /* BackgroundImageModifier.swift in Sources */,
				22C8AA562C12F14F00D1D742 /* OfficialArtworkSprites.swift in Sources */,
				224B76BC2C119FCB00B3A2A6 /* SamplePokemonAppApp.swift in Sources */,
				224B77002C11CC4600B3A2A6 /* Pokemon.swift in Sources */,
				224B76FE2C11C71900B3A2A6 /* PokemonResponseModel.swift in Sources */,
				224B76FA2C11BE3A00B3A2A6 /* ApiError.swift in Sources */,
				224B76F12C11ACC300B3A2A6 /* Constants.swift in Sources */,
				22FC74C12C162E2200BD785A /* Colors.swift in Sources */,
				22EADD632C15352D007BC102 /* Typealiases.swift in Sources */,
				22FC74B82C15DC5400BD785A /* PokemonColor.swift in Sources */,
				22FC74BD2C15FE8500BD785A /* Color+Extension.swift in Sources */,
				22EADD6A2C154846007BC102 /* PrimaryCollectionCellView.swift in Sources */,
				22C8AA582C12F16100D1D742 /* ShowdownArtworkSprites.swift in Sources */,
				2280C05B2C14A1750027A09F /* MocNetworkManager.swift in Sources */,
				22C8AA502C12F10900D1D742 /* OtherSprites.swift in Sources */,
				221F22672C15570A000082BD /* PokemonExtensions.swift in Sources */,
				224B76F62C11B71900B3A2A6 /* ApiEndPoint.swift in Sources */,
				22C8AA5B2C12F48000D1D742 /* PokemonService.swift in Sources */,
				227594362C170420008CDD1A /* ScrollOffsetPreferenceKey.swift in Sources */,
			);
			runOnlyForDeploymentPostprocessing = 0;
		};
		224B76C72C119FCC00B3A2A6 /* Sources */ = {
			isa = PBXSourcesBuildPhase;
			buildActionMask = 2147483647;
			files = (
				2280C0522C1495A30027A09F /* HomeViewModelTests.swift in Sources */,
			);
			runOnlyForDeploymentPostprocessing = 0;
		};
/* End PBXSourcesBuildPhase section */

/* Begin PBXTargetDependency section */
		224B76CD2C119FCC00B3A2A6 /* PBXTargetDependency */ = {
			isa = PBXTargetDependency;
			target = 224B76B72C119FCB00B3A2A6 /* SamplePokemonApp */;
			targetProxy = 224B76CC2C119FCC00B3A2A6 /* PBXContainerItemProxy */;
		};
/* End PBXTargetDependency section */

/* Begin XCBuildConfiguration section */
		224B76DD2C119FCC00B3A2A6 /* Debug */ = {
			isa = XCBuildConfiguration;
			buildSettings = {
				ALWAYS_SEARCH_USER_PATHS = NO;
				ASSETCATALOG_COMPILER_GENERATE_SWIFT_ASSET_SYMBOL_EXTENSIONS = YES;
				CLANG_ANALYZER_NONNULL = YES;
				CLANG_ANALYZER_NUMBER_OBJECT_CONVERSION = YES_AGGRESSIVE;
				CLANG_CXX_LANGUAGE_STANDARD = "gnu++20";
				CLANG_ENABLE_MODULES = YES;
				CLANG_ENABLE_OBJC_ARC = YES;
				CLANG_ENABLE_OBJC_WEAK = YES;
				CLANG_WARN_BLOCK_CAPTURE_AUTORELEASING = YES;
				CLANG_WARN_BOOL_CONVERSION = YES;
				CLANG_WARN_COMMA = YES;
				CLANG_WARN_CONSTANT_CONVERSION = YES;
				CLANG_WARN_DEPRECATED_OBJC_IMPLEMENTATIONS = YES;
				CLANG_WARN_DIRECT_OBJC_ISA_USAGE = YES_ERROR;
				CLANG_WARN_DOCUMENTATION_COMMENTS = YES;
				CLANG_WARN_EMPTY_BODY = YES;
				CLANG_WARN_ENUM_CONVERSION = YES;
				CLANG_WARN_INFINITE_RECURSION = YES;
				CLANG_WARN_INT_CONVERSION = YES;
				CLANG_WARN_NON_LITERAL_NULL_CONVERSION = YES;
				CLANG_WARN_OBJC_IMPLICIT_RETAIN_SELF = YES;
				CLANG_WARN_OBJC_LITERAL_CONVERSION = YES;
				CLANG_WARN_OBJC_ROOT_CLASS = YES_ERROR;
				CLANG_WARN_QUOTED_INCLUDE_IN_FRAMEWORK_HEADER = YES;
				CLANG_WARN_RANGE_LOOP_ANALYSIS = YES;
				CLANG_WARN_STRICT_PROTOTYPES = YES;
				CLANG_WARN_SUSPICIOUS_MOVE = YES;
				CLANG_WARN_UNGUARDED_AVAILABILITY = YES_AGGRESSIVE;
				CLANG_WARN_UNREACHABLE_CODE = YES;
				CLANG_WARN__DUPLICATE_METHOD_MATCH = YES;
				COPY_PHASE_STRIP = NO;
				DEBUG_INFORMATION_FORMAT = dwarf;
				ENABLE_STRICT_OBJC_MSGSEND = YES;
				ENABLE_TESTABILITY = YES;
				ENABLE_USER_SCRIPT_SANDBOXING = YES;
				GCC_C_LANGUAGE_STANDARD = gnu17;
				GCC_DYNAMIC_NO_PIC = NO;
				GCC_NO_COMMON_BLOCKS = YES;
				GCC_OPTIMIZATION_LEVEL = 0;
				GCC_PREPROCESSOR_DEFINITIONS = (
					"DEBUG=1",
					"$(inherited)",
				);
				GCC_WARN_64_TO_32_BIT_CONVERSION = YES;
				GCC_WARN_ABOUT_RETURN_TYPE = YES_ERROR;
				GCC_WARN_UNDECLARED_SELECTOR = YES;
				GCC_WARN_UNINITIALIZED_AUTOS = YES_AGGRESSIVE;
				GCC_WARN_UNUSED_FUNCTION = YES;
				GCC_WARN_UNUSED_VARIABLE = YES;
				LOCALIZATION_PREFERS_STRING_CATALOGS = YES;
				MTL_ENABLE_DEBUG_INFO = INCLUDE_SOURCE;
				MTL_FAST_MATH = YES;
				ONLY_ACTIVE_ARCH = YES;
				SWIFT_ACTIVE_COMPILATION_CONDITIONS = "DEBUG $(inherited)";
				SWIFT_OPTIMIZATION_LEVEL = "-Onone";
			};
			name = Debug;
		};
		224B76DE2C119FCC00B3A2A6 /* Release */ = {
			isa = XCBuildConfiguration;
			buildSettings = {
				ALWAYS_SEARCH_USER_PATHS = NO;
				ASSETCATALOG_COMPILER_GENERATE_SWIFT_ASSET_SYMBOL_EXTENSIONS = YES;
				CLANG_ANALYZER_NONNULL = YES;
				CLANG_ANALYZER_NUMBER_OBJECT_CONVERSION = YES_AGGRESSIVE;
				CLANG_CXX_LANGUAGE_STANDARD = "gnu++20";
				CLANG_ENABLE_MODULES = YES;
				CLANG_ENABLE_OBJC_ARC = YES;
				CLANG_ENABLE_OBJC_WEAK = YES;
				CLANG_WARN_BLOCK_CAPTURE_AUTORELEASING = YES;
				CLANG_WARN_BOOL_CONVERSION = YES;
				CLANG_WARN_COMMA = YES;
				CLANG_WARN_CONSTANT_CONVERSION = YES;
				CLANG_WARN_DEPRECATED_OBJC_IMPLEMENTATIONS = YES;
				CLANG_WARN_DIRECT_OBJC_ISA_USAGE = YES_ERROR;
				CLANG_WARN_DOCUMENTATION_COMMENTS = YES;
				CLANG_WARN_EMPTY_BODY = YES;
				CLANG_WARN_ENUM_CONVERSION = YES;
				CLANG_WARN_INFINITE_RECURSION = YES;
				CLANG_WARN_INT_CONVERSION = YES;
				CLANG_WARN_NON_LITERAL_NULL_CONVERSION = YES;
				CLANG_WARN_OBJC_IMPLICIT_RETAIN_SELF = YES;
				CLANG_WARN_OBJC_LITERAL_CONVERSION = YES;
				CLANG_WARN_OBJC_ROOT_CLASS = YES_ERROR;
				CLANG_WARN_QUOTED_INCLUDE_IN_FRAMEWORK_HEADER = YES;
				CLANG_WARN_RANGE_LOOP_ANALYSIS = YES;
				CLANG_WARN_STRICT_PROTOTYPES = YES;
				CLANG_WARN_SUSPICIOUS_MOVE = YES;
				CLANG_WARN_UNGUARDED_AVAILABILITY = YES_AGGRESSIVE;
				CLANG_WARN_UNREACHABLE_CODE = YES;
				CLANG_WARN__DUPLICATE_METHOD_MATCH = YES;
				COPY_PHASE_STRIP = NO;
				DEBUG_INFORMATION_FORMAT = "dwarf-with-dsym";
				ENABLE_NS_ASSERTIONS = NO;
				ENABLE_STRICT_OBJC_MSGSEND = YES;
				ENABLE_USER_SCRIPT_SANDBOXING = YES;
				GCC_C_LANGUAGE_STANDARD = gnu17;
				GCC_NO_COMMON_BLOCKS = YES;
				GCC_WARN_64_TO_32_BIT_CONVERSION = YES;
				GCC_WARN_ABOUT_RETURN_TYPE = YES_ERROR;
				GCC_WARN_UNDECLARED_SELECTOR = YES;
				GCC_WARN_UNINITIALIZED_AUTOS = YES_AGGRESSIVE;
				GCC_WARN_UNUSED_FUNCTION = YES;
				GCC_WARN_UNUSED_VARIABLE = YES;
				LOCALIZATION_PREFERS_STRING_CATALOGS = YES;
				MTL_ENABLE_DEBUG_INFO = NO;
				MTL_FAST_MATH = YES;
				SWIFT_COMPILATION_MODE = wholemodule;
			};
			name = Release;
		};
		224B76E02C119FCC00B3A2A6 /* Debug */ = {
			isa = XCBuildConfiguration;
			buildSettings = {
				ASSETCATALOG_COMPILER_APPICON_NAME = AppIcon;
				ASSETCATALOG_COMPILER_GLOBAL_ACCENT_COLOR_NAME = AccentColor;
				CODE_SIGN_ENTITLEMENTS = SamplePokemonApp/SamplePokemonApp.entitlements;
				CODE_SIGN_STYLE = Automatic;
				CURRENT_PROJECT_VERSION = 1;
				DEVELOPMENT_ASSET_PATHS = "\"SamplePokemonApp/Preview Content\"";
				DEVELOPMENT_TEAM = 5472CN2A4X;
				ENABLE_HARDENED_RUNTIME = YES;
				ENABLE_PREVIEWS = YES;
				GENERATE_INFOPLIST_FILE = YES;
				"INFOPLIST_KEY_UIApplicationSceneManifest_Generation[sdk=iphoneos*]" = YES;
				"INFOPLIST_KEY_UIApplicationSceneManifest_Generation[sdk=iphonesimulator*]" = YES;
				"INFOPLIST_KEY_UIApplicationSupportsIndirectInputEvents[sdk=iphoneos*]" = YES;
				"INFOPLIST_KEY_UIApplicationSupportsIndirectInputEvents[sdk=iphonesimulator*]" = YES;
				"INFOPLIST_KEY_UILaunchScreen_Generation[sdk=iphoneos*]" = YES;
				"INFOPLIST_KEY_UILaunchScreen_Generation[sdk=iphonesimulator*]" = YES;
				"INFOPLIST_KEY_UIStatusBarStyle[sdk=iphoneos*]" = UIStatusBarStyleDefault;
				"INFOPLIST_KEY_UIStatusBarStyle[sdk=iphonesimulator*]" = UIStatusBarStyleDefault;
				INFOPLIST_KEY_UISupportedInterfaceOrientations_iPad = "UIInterfaceOrientationPortrait UIInterfaceOrientationPortraitUpsideDown UIInterfaceOrientationLandscapeLeft UIInterfaceOrientationLandscapeRight";
				INFOPLIST_KEY_UISupportedInterfaceOrientations_iPhone = "UIInterfaceOrientationPortrait UIInterfaceOrientationLandscapeLeft UIInterfaceOrientationLandscapeRight";
				IPHONEOS_DEPLOYMENT_TARGET = 17.4;
				LD_RUNPATH_SEARCH_PATHS = "@executable_path/Frameworks";
				"LD_RUNPATH_SEARCH_PATHS[sdk=macosx*]" = "@executable_path/../Frameworks";
				MACOSX_DEPLOYMENT_TARGET = 14.0;
				MARKETING_VERSION = 1.0;
				PRODUCT_BUNDLE_IDENTIFIER = com.heshantha.don.SamplePokemonApp;
				PRODUCT_NAME = "$(TARGET_NAME)";
				SDKROOT = auto;
				SUPPORTED_PLATFORMS = "iphoneos iphonesimulator macosx";
				SWIFT_EMIT_LOC_STRINGS = YES;
				SWIFT_VERSION = 5.0;
				TARGETED_DEVICE_FAMILY = "1,2";
			};
			name = Debug;
		};
		224B76E12C119FCC00B3A2A6 /* Release */ = {
			isa = XCBuildConfiguration;
			buildSettings = {
				ASSETCATALOG_COMPILER_APPICON_NAME = AppIcon;
				ASSETCATALOG_COMPILER_GLOBAL_ACCENT_COLOR_NAME = AccentColor;
				CODE_SIGN_ENTITLEMENTS = SamplePokemonApp/SamplePokemonApp.entitlements;
				CODE_SIGN_STYLE = Automatic;
				CURRENT_PROJECT_VERSION = 1;
				DEVELOPMENT_ASSET_PATHS = "\"SamplePokemonApp/Preview Content\"";
				DEVELOPMENT_TEAM = 5472CN2A4X;
				ENABLE_HARDENED_RUNTIME = YES;
				ENABLE_PREVIEWS = YES;
				GENERATE_INFOPLIST_FILE = YES;
				"INFOPLIST_KEY_UIApplicationSceneManifest_Generation[sdk=iphoneos*]" = YES;
				"INFOPLIST_KEY_UIApplicationSceneManifest_Generation[sdk=iphonesimulator*]" = YES;
				"INFOPLIST_KEY_UIApplicationSupportsIndirectInputEvents[sdk=iphoneos*]" = YES;
				"INFOPLIST_KEY_UIApplicationSupportsIndirectInputEvents[sdk=iphonesimulator*]" = YES;
				"INFOPLIST_KEY_UILaunchScreen_Generation[sdk=iphoneos*]" = YES;
				"INFOPLIST_KEY_UILaunchScreen_Generation[sdk=iphonesimulator*]" = YES;
				"INFOPLIST_KEY_UIStatusBarStyle[sdk=iphoneos*]" = UIStatusBarStyleDefault;
				"INFOPLIST_KEY_UIStatusBarStyle[sdk=iphonesimulator*]" = UIStatusBarStyleDefault;
				INFOPLIST_KEY_UISupportedInterfaceOrientations_iPad = "UIInterfaceOrientationPortrait UIInterfaceOrientationPortraitUpsideDown UIInterfaceOrientationLandscapeLeft UIInterfaceOrientationLandscapeRight";
				INFOPLIST_KEY_UISupportedInterfaceOrientations_iPhone = "UIInterfaceOrientationPortrait UIInterfaceOrientationLandscapeLeft UIInterfaceOrientationLandscapeRight";
				IPHONEOS_DEPLOYMENT_TARGET = 17.4;
				LD_RUNPATH_SEARCH_PATHS = "@executable_path/Frameworks";
				"LD_RUNPATH_SEARCH_PATHS[sdk=macosx*]" = "@executable_path/../Frameworks";
				MACOSX_DEPLOYMENT_TARGET = 14.0;
				MARKETING_VERSION = 1.0;
				PRODUCT_BUNDLE_IDENTIFIER = com.heshantha.don.SamplePokemonApp;
				PRODUCT_NAME = "$(TARGET_NAME)";
				SDKROOT = auto;
				SUPPORTED_PLATFORMS = "iphoneos iphonesimulator macosx";
				SWIFT_EMIT_LOC_STRINGS = YES;
				SWIFT_VERSION = 5.0;
				TARGETED_DEVICE_FAMILY = "1,2";
			};
			name = Release;
		};
		224B76E32C119FCC00B3A2A6 /* Debug */ = {
			isa = XCBuildConfiguration;
			buildSettings = {
				ALWAYS_EMBED_SWIFT_STANDARD_LIBRARIES = YES;
				BUNDLE_LOADER = "$(TEST_HOST)";
				CODE_SIGN_STYLE = Automatic;
				CURRENT_PROJECT_VERSION = 1;
				DEVELOPMENT_TEAM = 5472CN2A4X;
				GENERATE_INFOPLIST_FILE = YES;
				IPHONEOS_DEPLOYMENT_TARGET = 17.4;
				MACOSX_DEPLOYMENT_TARGET = 14.4;
				MARKETING_VERSION = 1.0;
				PRODUCT_BUNDLE_IDENTIFIER = com.heshantha.don.SamplePokemonAppTests;
				PRODUCT_NAME = "$(TARGET_NAME)";
				SDKROOT = auto;
				SUPPORTED_PLATFORMS = "iphoneos iphonesimulator macosx";
				SWIFT_EMIT_LOC_STRINGS = NO;
				SWIFT_VERSION = 5.0;
				TARGETED_DEVICE_FAMILY = "1,2";
				TEST_HOST = "$(BUILT_PRODUCTS_DIR)/SamplePokemonApp.app/$(BUNDLE_EXECUTABLE_FOLDER_PATH)/SamplePokemonApp";
			};
			name = Debug;
		};
		224B76E42C119FCC00B3A2A6 /* Release */ = {
			isa = XCBuildConfiguration;
			buildSettings = {
				ALWAYS_EMBED_SWIFT_STANDARD_LIBRARIES = YES;
				BUNDLE_LOADER = "$(TEST_HOST)";
				CODE_SIGN_STYLE = Automatic;
				CURRENT_PROJECT_VERSION = 1;
				DEVELOPMENT_TEAM = 5472CN2A4X;
				GENERATE_INFOPLIST_FILE = YES;
				IPHONEOS_DEPLOYMENT_TARGET = 17.4;
				MACOSX_DEPLOYMENT_TARGET = 14.4;
				MARKETING_VERSION = 1.0;
				PRODUCT_BUNDLE_IDENTIFIER = com.heshantha.don.SamplePokemonAppTests;
				PRODUCT_NAME = "$(TARGET_NAME)";
				SDKROOT = auto;
				SUPPORTED_PLATFORMS = "iphoneos iphonesimulator macosx";
				SWIFT_EMIT_LOC_STRINGS = NO;
				SWIFT_VERSION = 5.0;
				TARGETED_DEVICE_FAMILY = "1,2";
				TEST_HOST = "$(BUILT_PRODUCTS_DIR)/SamplePokemonApp.app/$(BUNDLE_EXECUTABLE_FOLDER_PATH)/SamplePokemonApp";
			};
			name = Release;
		};
/* End XCBuildConfiguration section */

/* Begin XCConfigurationList section */
		224B76B32C119FCB00B3A2A6 /* Build configuration list for PBXProject "SamplePokemonApp" */ = {
			isa = XCConfigurationList;
			buildConfigurations = (
				224B76DD2C119FCC00B3A2A6 /* Debug */,
				224B76DE2C119FCC00B3A2A6 /* Release */,
			);
			defaultConfigurationIsVisible = 0;
			defaultConfigurationName = Release;
		};
		224B76DF2C119FCC00B3A2A6 /* Build configuration list for PBXNativeTarget "SamplePokemonApp" */ = {
			isa = XCConfigurationList;
			buildConfigurations = (
				224B76E02C119FCC00B3A2A6 /* Debug */,
				224B76E12C119FCC00B3A2A6 /* Release */,
			);
			defaultConfigurationIsVisible = 0;
			defaultConfigurationName = Release;
		};
		224B76E22C119FCC00B3A2A6 /* Build configuration list for PBXNativeTarget "SamplePokemonAppTests" */ = {
			isa = XCConfigurationList;
			buildConfigurations = (
				224B76E32C119FCC00B3A2A6 /* Debug */,
				224B76E42C119FCC00B3A2A6 /* Release */,
			);
			defaultConfigurationIsVisible = 0;
			defaultConfigurationName = Release;
		};
/* End XCConfigurationList section */

/* Begin XCRemoteSwiftPackageReference section */
		2242962B2C184EA10002B6D9 /* XCRemoteSwiftPackageReference "Kingfisher" */ = {
			isa = XCRemoteSwiftPackageReference;
			repositoryURL = "https://github.com/onevcat/Kingfisher";
			requirement = {
				kind = upToNextMajorVersion;
				minimumVersion = 7.12.0;
			};
		};
		22FC74B42C15CE9100BD785A /* XCRemoteSwiftPackageReference "SDWebImageSwiftUI" */ = {
			isa = XCRemoteSwiftPackageReference;
			repositoryURL = "https://github.com/SDWebImage/SDWebImageSwiftUI";
			requirement = {
				kind = upToNextMajorVersion;
				minimumVersion = 3.0.4;
			};
		};
/* End XCRemoteSwiftPackageReference section */

/* Begin XCSwiftPackageProductDependency section */
		2242962C2C184EA10002B6D9 /* Kingfisher */ = {
			isa = XCSwiftPackageProductDependency;
			package = 2242962B2C184EA10002B6D9 /* XCRemoteSwiftPackageReference "Kingfisher" */;
			productName = Kingfisher;
		};
		22FC74B52C15CE9100BD785A /* SDWebImageSwiftUI */ = {
			isa = XCSwiftPackageProductDependency;
			package = 22FC74B42C15CE9100BD785A /* XCRemoteSwiftPackageReference "SDWebImageSwiftUI" */;
			productName = SDWebImageSwiftUI;
		};
/* End XCSwiftPackageProductDependency section */
	};
	rootObject = 224B76B02C119FCB00B3A2A6 /* Project object */;
}
