// !$*UTF8*$!
{
	archiveVersion = 1;
	classes = {
	};
	objectVersion = 56;
	objects = {

/* Begin PBXBuildFile section */
		224B76BC2C119FCB00B3A2A6 /* SamplePokemonAppApp.swift in Sources */ = {isa = PBXBuildFile; fileRef = 224B76BB2C119FCB00B3A2A6 /* SamplePokemonAppApp.swift */; };
		224B76BE2C119FCB00B3A2A6 /* ContentView.swift in Sources */ = {isa = PBXBuildFile; fileRef = 224B76BD2C119FCB00B3A2A6 /* ContentView.swift */; };
		224B76C22C119FCC00B3A2A6 /* Assets.xcassets in Resources */ = {isa = PBXBuildFile; fileRef = 224B76C12C119FCC00B3A2A6 /* Assets.xcassets */; };
		224B76C62C119FCC00B3A2A6 /* Preview Assets.xcassets in Resources */ = {isa = PBXBuildFile; fileRef = 224B76C52C119FCC00B3A2A6 /* Preview Assets.xcassets */; };
		224B76D02C119FCC00B3A2A6 /* SamplePokemonAppTests.swift in Sources */ = {isa = PBXBuildFile; fileRef = 224B76CF2C119FCC00B3A2A6 /* SamplePokemonAppTests.swift */; };
/* End PBXBuildFile section */

/* Begin PBXContainerItemProxy section */
		224B76CC2C119FCC00B3A2A6 /* PBXContainerItemProxy */ = {
			isa = PBXContainerItemProxy;
			containerPortal = 224B76B02C119FCB00B3A2A6 /* Project object */;
			proxyType = 1;
			remoteGlobalIDString = 224B76B72C119FCB00B3A2A6;
			remoteInfo = SamplePokemonApp;
		};
/* End PBXContainerItemProxy section */

/* Begin PBXFileReference section */
		224B76B82C119FCB00B3A2A6 /* SamplePokemonApp.app */ = {isa = PBXFileReference; explicitFileType = wrapper.application; includeInIndex = 0; path = SamplePokemonApp.app; sourceTree = BUILT_PRODUCTS_DIR; };
		224B76BB2C119FCB00B3A2A6 /* SamplePokemonAppApp.swift */ = {isa = PBXFileReference; lastKnownFileType = sourcecode.swift; path = SamplePokemonAppApp.swift; sourceTree = "<group>"; };
		224B76BD2C119FCB00B3A2A6 /* ContentView.swift */ = {isa = PBXFileReference; lastKnownFileType = sourcecode.swift; path = ContentView.swift; sourceTree = "<group>"; };
		224B76C12C119FCC00B3A2A6 /* Assets.xcassets */ = {isa = PBXFileReference; lastKnownFileType = folder.assetcatalog; path = Assets.xcassets; sourceTree = "<group>"; };
		224B76C32C119FCC00B3A2A6 /* SamplePokemonApp.entitlements */ = {isa = PBXFileReference; lastKnownFileType = text.plist.entitlements; path = SamplePokemonApp.entitlements; sourceTree = "<group>"; };
		224B76C52C119FCC00B3A2A6 /* Preview Assets.xcassets */ = {isa = PBXFileReference; lastKnownFileType = folder.assetcatalog; path = "Preview Assets.xcassets"; sourceTree = "<group>"; };
		224B76CB2C119FCC00B3A2A6 /* SamplePokemonAppTests.xctest */ = {isa = PBXFileReference; explicitFileType = wrapper.cfbundle; includeInIndex = 0; path = SamplePokemonAppTests.xctest; sourceTree = BUILT_PRODUCTS_DIR; };
		224B76CF2C119FCC00B3A2A6 /* SamplePokemonAppTests.swift */ = {isa = PBXFileReference; lastKnownFileType = sourcecode.swift; path = SamplePokemonAppTests.swift; sourceTree = "<group>"; };
/* End PBXFileReference section */

/* Begin PBXFrameworksBuildPhase section */
		224B76B52C119FCB00B3A2A6 /* Frameworks */ = {
			isa = PBXFrameworksBuildPhase;
			buildActionMask = 2147483647;
			files = (
			);
			runOnlyForDeploymentPostprocessing = 0;
		};
		224B76C82C119FCC00B3A2A6 /* Frameworks */ = {
			isa = PBXFrameworksBuildPhase;
			buildActionMask = 2147483647;
			files = (
			);
			runOnlyForDeploymentPostprocessing = 0;
		};
/* End PBXFrameworksBuildPhase section */

/* Begin PBXGroup section */
		224B76AF2C119FCB00B3A2A6 = {
			isa = PBXGroup;
			children = (
				224B76BA2C119FCB00B3A2A6 /* SamplePokemonApp */,
				224B76CE2C119FCC00B3A2A6 /* SamplePokemonAppTests */,
				224B76B92C119FCB00B3A2A6 /* Products */,
			);
			sourceTree = "<group>";
		};
		224B76B92C119FCB00B3A2A6 /* Products */ = {
			isa = PBXGroup;
			children = (
				224B76B82C119FCB00B3A2A6 /* SamplePokemonApp.app */,
				224B76CB2C119FCC00B3A2A6 /* SamplePokemonAppTests.xctest */,
			);
			name = Products;
			sourceTree = "<group>";
		};
		224B76BA2C119FCB00B3A2A6 /* SamplePokemonApp */ = {
			isa = PBXGroup;
			children = (
				224B76BB2C119FCB00B3A2A6 /* SamplePokemonAppApp.swift */,
				224B76BD2C119FCB00B3A2A6 /* ContentView.swift */,
				224B76C12C119FCC00B3A2A6 /* Assets.xcassets */,
				224B76C32C119FCC00B3A2A6 /* SamplePokemonApp.entitlements */,
				224B76C42C119FCC00B3A2A6 /* Preview Content */,
			);
			path = SamplePokemonApp;
			sourceTree = "<group>";
		};
		224B76C42C119FCC00B3A2A6 /* Preview Content */ = {
			isa = PBXGroup;
			children = (
				224B76C52C119FCC00B3A2A6 /* Preview Assets.xcassets */,
			);
			path = "Preview Content";
			sourceTree = "<group>";
		};
		224B76CE2C119FCC00B3A2A6 /* SamplePokemonAppTests */ = {
			isa = PBXGroup;
			children = (
				224B76CF2C119FCC00B3A2A6 /* SamplePokemonAppTests.swift */,
			);
			path = SamplePokemonAppTests;
			sourceTree = "<group>";
		};
/* End PBXGroup section */

/* Begin PBXNativeTarget section */
		224B76B72C119FCB00B3A2A6 /* SamplePokemonApp */ = {
			isa = PBXNativeTarget;
			buildConfigurationList = 224B76DF2C119FCC00B3A2A6 /* Build configuration list for PBXNativeTarget "SamplePokemonApp" */;
			buildPhases = (
				224B76B42C119FCB00B3A2A6 /* Sources */,
				224B76B52C119FCB00B3A2A6 /* Frameworks */,
				224B76B62C119FCB00B3A2A6 /* Resources */,
			);
			buildRules = (
			);
			dependencies = (
			);
			name = SamplePokemonApp;
			productName = SamplePokemonApp;
			productReference = 224B76B82C119FCB00B3A2A6 /* SamplePokemonApp.app */;
			productType = "com.apple.product-type.application";
		};
		224B76CA2C119FCC00B3A2A6 /* SamplePokemonAppTests */ = {
			isa = PBXNativeTarget;
			buildConfigurationList = 224B76E22C119FCC00B3A2A6 /* Build configuration list for PBXNativeTarget "SamplePokemonAppTests" */;
			buildPhases = (
				224B76C72C119FCC00B3A2A6 /* Sources */,
				224B76C82C119FCC00B3A2A6 /* Frameworks */,
				224B76C92C119FCC00B3A2A6 /* Resources */,
			);
			buildRules = (
			);
			dependencies = (
				224B76CD2C119FCC00B3A2A6 /* PBXTargetDependency */,
			);
			name = SamplePokemonAppTests;
			productName = SamplePokemonAppTests;
			productReference = 224B76CB2C119FCC00B3A2A6 /* SamplePokemonAppTests.xctest */;
			productType = "com.apple.product-type.bundle.unit-test";
		};
/* End PBXNativeTarget section */

/* Begin PBXProject section */
		224B76B02C119FCB00B3A2A6 /* Project object */ = {
			isa = PBXProject;
			attributes = {
				BuildIndependentTargetsInParallel = 1;
				LastSwiftUpdateCheck = 1530;
				LastUpgradeCheck = 1530;
				TargetAttributes = {
					224B76B72C119FCB00B3A2A6 = {
						CreatedOnToolsVersion = 15.3;
					};
					224B76CA2C119FCC00B3A2A6 = {
						CreatedOnToolsVersion = 15.3;
						TestTargetID = 224B76B72C119FCB00B3A2A6;
					};
				};
			};
			buildConfigurationList = 224B76B32C119FCB00B3A2A6 /* Build configuration list for PBXProject "SamplePokemonApp" */;
			compatibilityVersion = "Xcode 14.0";
			developmentRegion = en;
			hasScannedForEncodings = 0;
			knownRegions = (
				en,
				Base,
			);
			mainGroup = 224B76AF2C119FCB00B3A2A6;
			productRefGroup = 224B76B92C119FCB00B3A2A6 /* Products */;
			projectDirPath = "";
			projectRoot = "";
			targets = (
				224B76B72C119FCB00B3A2A6 /* SamplePokemonApp */,
				224B76CA2C119FCC00B3A2A6 /* SamplePokemonAppTests */,
			);
		};
/* End PBXProject section */

/* Begin PBXResourcesBuildPhase section */
		224B76B62C119FCB00B3A2A6 /* Resources */ = {
			isa = PBXResourcesBuildPhase;
			buildActionMask = 2147483647;
			files = (
				224B76C62C119FCC00B3A2A6 /* Preview Assets.xcassets in Resources */,
				224B76C22C119FCC00B3A2A6 /* Assets.xcassets in Resources */,
			);
			runOnlyForDeploymentPostprocessing = 0;
		};
		224B76C92C119FCC00B3A2A6 /* Resources */ = {
			isa = PBXResourcesBuildPhase;
			buildActionMask = 2147483647;
			files = (
			);
			runOnlyForDeploymentPostprocessing = 0;
		};
/* End PBXResourcesBuildPhase section */

/* Begin PBXSourcesBuildPhase section */
		224B76B42C119FCB00B3A2A6 /* Sources */ = {
			isa = PBXSourcesBuildPhase;
			buildActionMask = 2147483647;
			files = (
				224B76BE2C119FCB00B3A2A6 /* ContentView.swift in Sources */,
				224B76BC2C119FCB00B3A2A6 /* SamplePokemonAppApp.swift in Sources */,
			);
			runOnlyForDeploymentPostprocessing = 0;
		};
		224B76C72C119FCC00B3A2A6 /* Sources */ = {
			isa = PBXSourcesBuildPhase;
			buildActionMask = 2147483647;
			files = (
				224B76D02C119FCC00B3A2A6 /* SamplePokemonAppTests.swift in Sources */,
			);
			runOnlyForDeploymentPostprocessing = 0;
		};
/* End PBXSourcesBuildPhase section */

/* Begin PBXTargetDependency section */
		224B76CD2C119FCC00B3A2A6 /* PBXTargetDependency */ = {
			isa = PBXTargetDependency;
			target = 224B76B72C119FCB00B3A2A6 /* SamplePokemonApp */;
			targetProxy = 224B76CC2C119FCC00B3A2A6 /* PBXContainerItemProxy */;
		};
/* End PBXTargetDependency section */

/* Begin XCBuildConfiguration section */
		224B76DD2C119FCC00B3A2A6 /* Debug */ = {
			isa = XCBuildConfiguration;
			buildSettings = {
				ALWAYS_SEARCH_USER_PATHS = NO;
				ASSETCATALOG_COMPILER_GENERATE_SWIFT_ASSET_SYMBOL_EXTENSIONS = YES;
				CLANG_ANALYZER_NONNULL = YES;
				CLANG_ANALYZER_NUMBER_OBJECT_CONVERSION = YES_AGGRESSIVE;
				CLANG_CXX_LANGUAGE_STANDARD = "gnu++20";
				CLANG_ENABLE_MODULES = YES;
				CLANG_ENABLE_OBJC_ARC = YES;
				CLANG_ENABLE_OBJC_WEAK = YES;
				CLANG_WARN_BLOCK_CAPTURE_AUTORELEASING = YES;
				CLANG_WARN_BOOL_CONVERSION = YES;
				CLANG_WARN_COMMA = YES;
				CLANG_WARN_CONSTANT_CONVERSION = YES;
				CLANG_WARN_DEPRECATED_OBJC_IMPLEMENTATIONS = YES;
				CLANG_WARN_DIRECT_OBJC_ISA_USAGE = YES_ERROR;
				CLANG_WARN_DOCUMENTATION_COMMENTS = YES;
				CLANG_WARN_EMPTY_BODY = YES;
				CLANG_WARN_ENUM_CONVERSION = YES;
				CLANG_WARN_INFINITE_RECURSION = YES;
				CLANG_WARN_INT_CONVERSION = YES;
				CLANG_WARN_NON_LITERAL_NULL_CONVERSION = YES;
				CLANG_WARN_OBJC_IMPLICIT_RETAIN_SELF = YES;
				CLANG_WARN_OBJC_LITERAL_CONVERSION = YES;
				CLANG_WARN_OBJC_ROOT_CLASS = YES_ERROR;
				CLANG_WARN_QUOTED_INCLUDE_IN_FRAMEWORK_HEADER = YES;
				CLANG_WARN_RANGE_LOOP_ANALYSIS = YES;
				CLANG_WARN_STRICT_PROTOTYPES = YES;
				CLANG_WARN_SUSPICIOUS_MOVE = YES;
				CLANG_WARN_UNGUARDED_AVAILABILITY = YES_AGGRESSIVE;
				CLANG_WARN_UNREACHABLE_CODE = YES;
				CLANG_WARN__DUPLICATE_METHOD_MATCH = YES;
				COPY_PHASE_STRIP = NO;
				DEBUG_INFORMATION_FORMAT = dwarf;
				ENABLE_STRICT_OBJC_MSGSEND = YES;
				ENABLE_TESTABILITY = YES;
				ENABLE_USER_SCRIPT_SANDBOXING = YES;
				GCC_C_LANGUAGE_STANDARD = gnu17;
				GCC_DYNAMIC_NO_PIC = NO;
				GCC_NO_COMMON_BLOCKS = YES;
				GCC_OPTIMIZATION_LEVEL = 0;
				GCC_PREPROCESSOR_DEFINITIONS = (
					"DEBUG=1",
					"$(inherited)",
				);
				GCC_WARN_64_TO_32_BIT_CONVERSION = YES;
				GCC_WARN_ABOUT_RETURN_TYPE = YES_ERROR;
				GCC_WARN_UNDECLARED_SELECTOR = YES;
				GCC_WARN_UNINITIALIZED_AUTOS = YES_AGGRESSIVE;
				GCC_WARN_UNUSED_FUNCTION = YES;
				GCC_WARN_UNUSED_VARIABLE = YES;
				LOCALIZATION_PREFERS_STRING_CATALOGS = YES;
				MTL_ENABLE_DEBUG_INFO = INCLUDE_SOURCE;
				MTL_FAST_MATH = YES;
				ONLY_ACTIVE_ARCH = YES;
				SWIFT_ACTIVE_COMPILATION_CONDITIONS = "DEBUG $(inherited)";
				SWIFT_OPTIMIZATION_LEVEL = "-Onone";
			};
			name = Debug;
		};
		224B76DE2C119FCC00B3A2A6 /* Release */ = {
			isa = XCBuildConfiguration;
			buildSettings = {
				ALWAYS_SEARCH_USER_PATHS = NO;
				ASSETCATALOG_COMPILER_GENERATE_SWIFT_ASSET_SYMBOL_EXTENSIONS = YES;
				CLANG_ANALYZER_NONNULL = YES;
				CLANG_ANALYZER_NUMBER_OBJECT_CONVERSION = YES_AGGRESSIVE;
				CLANG_CXX_LANGUAGE_STANDARD = "gnu++20";
				CLANG_ENABLE_MODULES = YES;
				CLANG_ENABLE_OBJC_ARC = YES;
				CLANG_ENABLE_OBJC_WEAK = YES;
				CLANG_WARN_BLOCK_CAPTURE_AUTORELEASING = YES;
				CLANG_WARN_BOOL_CONVERSION = YES;
				CLANG_WARN_COMMA = YES;
				CLANG_WARN_CONSTANT_CONVERSION = YES;
				CLANG_WARN_DEPRECATED_OBJC_IMPLEMENTATIONS = YES;
				CLANG_WARN_DIRECT_OBJC_ISA_USAGE = YES_ERROR;
				CLANG_WARN_DOCUMENTATION_COMMENTS = YES;
				CLANG_WARN_EMPTY_BODY = YES;
				CLANG_WARN_ENUM_CONVERSION = YES;
				CLANG_WARN_INFINITE_RECURSION = YES;
				CLANG_WARN_INT_CONVERSION = YES;
				CLANG_WARN_NON_LITERAL_NULL_CONVERSION = YES;
				CLANG_WARN_OBJC_IMPLICIT_RETAIN_SELF = YES;
				CLANG_WARN_OBJC_LITERAL_CONVERSION = YES;
				CLANG_WARN_OBJC_ROOT_CLASS = YES_ERROR;
				CLANG_WARN_QUOTED_INCLUDE_IN_FRAMEWORK_HEADER = YES;
				CLANG_WARN_RANGE_LOOP_ANALYSIS = YES;
				CLANG_WARN_STRICT_PROTOTYPES = YES;
				CLANG_WARN_SUSPICIOUS_MOVE = YES;
				CLANG_WARN_UNGUARDED_AVAILABILITY = YES_AGGRESSIVE;
				CLANG_WARN_UNREACHABLE_CODE = YES;
				CLANG_WARN__DUPLICATE_METHOD_MATCH = YES;
				COPY_PHASE_STRIP = NO;
				DEBUG_INFORMATION_FORMAT = "dwarf-with-dsym";
				ENABLE_NS_ASSERTIONS = NO;
				ENABLE_STRICT_OBJC_MSGSEND = YES;
				ENABLE_USER_SCRIPT_SANDBOXING = YES;
				GCC_C_LANGUAGE_STANDARD = gnu17;
				GCC_NO_COMMON_BLOCKS = YES;
				GCC_WARN_64_TO_32_BIT_CONVERSION = YES;
				GCC_WARN_ABOUT_RETURN_TYPE = YES_ERROR;
				GCC_WARN_UNDECLARED_SELECTOR = YES;
				GCC_WARN_UNINITIALIZED_AUTOS = YES_AGGRESSIVE;
				GCC_WARN_UNUSED_FUNCTION = YES;
				GCC_WARN_UNUSED_VARIABLE = YES;
				LOCALIZATION_PREFERS_STRING_CATALOGS = YES;
				MTL_ENABLE_DEBUG_INFO = NO;
				MTL_FAST_MATH = YES;
				SWIFT_COMPILATION_MODE = wholemodule;
			};
			name = Release;
		};
		224B76E02C119FCC00B3A2A6 /* Debug */ = {
			isa = XCBuildConfiguration;
			buildSettings = {
				ASSETCATALOG_COMPILER_APPICON_NAME = AppIcon;
				ASSETCATALOG_COMPILER_GLOBAL_ACCENT_COLOR_NAME = AccentColor;
				CODE_SIGN_ENTITLEMENTS = SamplePokemonApp/SamplePokemonApp.entitlements;
				CODE_SIGN_STYLE = Automatic;
				CURRENT_PROJECT_VERSION = 1;
				DEVELOPMENT_ASSET_PATHS = "\"SamplePokemonApp/Preview Content\"";
				DEVELOPMENT_TEAM = 5472CN2A4X;
				ENABLE_HARDENED_RUNTIME = YES;
				ENABLE_PREVIEWS = YES;
				GENERATE_INFOPLIST_FILE = YES;
				"INFOPLIST_KEY_UIApplicationSceneManifest_Generation[sdk=iphoneos*]" = YES;
				"INFOPLIST_KEY_UIApplicationSceneManifest_Generation[sdk=iphonesimulator*]" = YES;
				"INFOPLIST_KEY_UIApplicationSupportsIndirectInputEvents[sdk=iphoneos*]" = YES;
				"INFOPLIST_KEY_UIApplicationSupportsIndirectInputEvents[sdk=iphonesimulator*]" = YES;
				"INFOPLIST_KEY_UILaunchScreen_Generation[sdk=iphoneos*]" = YES;
				"INFOPLIST_KEY_UILaunchScreen_Generation[sdk=iphonesimulator*]" = YES;
				"INFOPLIST_KEY_UIStatusBarStyle[sdk=iphoneos*]" = UIStatusBarStyleDefault;
				"INFOPLIST_KEY_UIStatusBarStyle[sdk=iphonesimulator*]" = UIStatusBarStyleDefault;
				INFOPLIST_KEY_UISupportedInterfaceOrientations_iPad = "UIInterfaceOrientationPortrait UIInterfaceOrientationPortraitUpsideDown UIInterfaceOrientationLandscapeLeft UIInterfaceOrientationLandscapeRight";
				INFOPLIST_KEY_UISupportedInterfaceOrientations_iPhone = "UIInterfaceOrientationPortrait UIInterfaceOrientationLandscapeLeft UIInterfaceOrientationLandscapeRight";
				IPHONEOS_DEPLOYMENT_TARGET = 17.4;
				LD_RUNPATH_SEARCH_PATHS = "@executable_path/Frameworks";
				"LD_RUNPATH_SEARCH_PATHS[sdk=macosx*]" = "@executable_path/../Frameworks";
				MACOSX_DEPLOYMENT_TARGET = 14.0;
				MARKETING_VERSION = 1.0;
				PRODUCT_BUNDLE_IDENTIFIER = com.heshantha.don.SamplePokemonApp;
				PRODUCT_NAME = "$(TARGET_NAME)";
				SDKROOT = auto;
				SUPPORTED_PLATFORMS = "iphoneos iphonesimulator macosx";
				SWIFT_EMIT_LOC_STRINGS = YES;
				SWIFT_VERSION = 5.0;
				TARGETED_DEVICE_FAMILY = "1,2";
			};
			name = Debug;
		};
		224B76E12C119FCC00B3A2A6 /* Release */ = {
			isa = XCBuildConfiguration;
			buildSettings = {
				ASSETCATALOG_COMPILER_APPICON_NAME = AppIcon;
				ASSETCATALOG_COMPILER_GLOBAL_ACCENT_COLOR_NAME = AccentColor;
				CODE_SIGN_ENTITLEMENTS = SamplePokemonApp/SamplePokemonApp.entitlements;
				CODE_SIGN_STYLE = Automatic;
				CURRENT_PROJECT_VERSION = 1;
				DEVELOPMENT_ASSET_PATHS = "\"SamplePokemonApp/Preview Content\"";
				DEVELOPMENT_TEAM = 5472CN2A4X;
				ENABLE_HARDENED_RUNTIME = YES;
				ENABLE_PREVIEWS = YES;
				GENERATE_INFOPLIST_FILE = YES;
				"INFOPLIST_KEY_UIApplicationSceneManifest_Generation[sdk=iphoneos*]" = YES;
				"INFOPLIST_KEY_UIApplicationSceneManifest_Generation[sdk=iphonesimulator*]" = YES;
				"INFOPLIST_KEY_UIApplicationSupportsIndirectInputEvents[sdk=iphoneos*]" = YES;
				"INFOPLIST_KEY_UIApplicationSupportsIndirectInputEvents[sdk=iphonesimulator*]" = YES;
				"INFOPLIST_KEY_UILaunchScreen_Generation[sdk=iphoneos*]" = YES;
				"INFOPLIST_KEY_UILaunchScreen_Generation[sdk=iphonesimulator*]" = YES;
				"INFOPLIST_KEY_UIStatusBarStyle[sdk=iphoneos*]" = UIStatusBarStyleDefault;
				"INFOPLIST_KEY_UIStatusBarStyle[sdk=iphonesimulator*]" = UIStatusBarStyleDefault;
				INFOPLIST_KEY_UISupportedInterfaceOrientations_iPad = "UIInterfaceOrientationPortrait UIInterfaceOrientationPortraitUpsideDown UIInterfaceOrientationLandscapeLeft UIInterfaceOrientationLandscapeRight";
				INFOPLIST_KEY_UISupportedInterfaceOrientations_iPhone = "UIInterfaceOrientationPortrait UIInterfaceOrientationLandscapeLeft UIInterfaceOrientationLandscapeRight";
				IPHONEOS_DEPLOYMENT_TARGET = 17.4;
				LD_RUNPATH_SEARCH_PATHS = "@executable_path/Frameworks";
				"LD_RUNPATH_SEARCH_PATHS[sdk=macosx*]" = "@executable_path/../Frameworks";
				MACOSX_DEPLOYMENT_TARGET = 14.0;
				MARKETING_VERSION = 1.0;
				PRODUCT_BUNDLE_IDENTIFIER = com.heshantha.don.SamplePokemonApp;
				PRODUCT_NAME = "$(TARGET_NAME)";
				SDKROOT = auto;
				SUPPORTED_PLATFORMS = "iphoneos iphonesimulator macosx";
				SWIFT_EMIT_LOC_STRINGS = YES;
				SWIFT_VERSION = 5.0;
				TARGETED_DEVICE_FAMILY = "1,2";
			};
			name = Release;
		};
		224B76E32C119FCC00B3A2A6 /* Debug */ = {
			isa = XCBuildConfiguration;
			buildSettings = {
				ALWAYS_EMBED_SWIFT_STANDARD_LIBRARIES = YES;
				BUNDLE_LOADER = "$(TEST_HOST)";
				CODE_SIGN_STYLE = Automatic;
				CURRENT_PROJECT_VERSION = 1;
				DEVELOPMENT_TEAM = 5472CN2A4X;
				GENERATE_INFOPLIST_FILE = YES;
				IPHONEOS_DEPLOYMENT_TARGET = 17.4;
				MACOSX_DEPLOYMENT_TARGET = 14.4;
				MARKETING_VERSION = 1.0;
				PRODUCT_BUNDLE_IDENTIFIER = com.heshantha.don.SamplePokemonAppTests;
				PRODUCT_NAME = "$(TARGET_NAME)";
				SDKROOT = auto;
				SUPPORTED_PLATFORMS = "iphoneos iphonesimulator macosx";
				SWIFT_EMIT_LOC_STRINGS = NO;
				SWIFT_VERSION = 5.0;
				TARGETED_DEVICE_FAMILY = "1,2";
				TEST_HOST = "$(BUILT_PRODUCTS_DIR)/SamplePokemonApp.app/$(BUNDLE_EXECUTABLE_FOLDER_PATH)/SamplePokemonApp";
			};
			name = Debug;
		};
		224B76E42C119FCC00B3A2A6 /* Release */ = {
			isa = XCBuildConfiguration;
			buildSettings = {
				ALWAYS_EMBED_SWIFT_STANDARD_LIBRARIES = YES;
				BUNDLE_LOADER = "$(TEST_HOST)";
				CODE_SIGN_STYLE = Automatic;
				CURRENT_PROJECT_VERSION = 1;
				DEVELOPMENT_TEAM = 5472CN2A4X;
				GENERATE_INFOPLIST_FILE = YES;
				IPHONEOS_DEPLOYMENT_TARGET = 17.4;
				MACOSX_DEPLOYMENT_TARGET = 14.4;
				MARKETING_VERSION = 1.0;
				PRODUCT_BUNDLE_IDENTIFIER = com.heshantha.don.SamplePokemonAppTests;
				PRODUCT_NAME = "$(TARGET_NAME)";
				SDKROOT = auto;
				SUPPORTED_PLATFORMS = "iphoneos iphonesimulator macosx";
				SWIFT_EMIT_LOC_STRINGS = NO;
				SWIFT_VERSION = 5.0;
				TARGETED_DEVICE_FAMILY = "1,2";
				TEST_HOST = "$(BUILT_PRODUCTS_DIR)/SamplePokemonApp.app/$(BUNDLE_EXECUTABLE_FOLDER_PATH)/SamplePokemonApp";
			};
			name = Release;
		};
/* End XCBuildConfiguration section */

/* Begin XCConfigurationList section */
		224B76B32C119FCB00B3A2A6 /* Build configuration list for PBXProject "SamplePokemonApp" */ = {
			isa = XCConfigurationList;
			buildConfigurations = (
				224B76DD2C119FCC00B3A2A6 /* Debug */,
				224B76DE2C119FCC00B3A2A6 /* Release */,
			);
			defaultConfigurationIsVisible = 0;
			defaultConfigurationName = Release;
		};
		224B76DF2C119FCC00B3A2A6 /* Build configuration list for PBXNativeTarget "SamplePokemonApp" */ = {
			isa = XCConfigurationList;
			buildConfigurations = (
				224B76E02C119FCC00B3A2A6 /* Debug */,
				224B76E12C119FCC00B3A2A6 /* Release */,
			);
			defaultConfigurationIsVisible = 0;
			defaultConfigurationName = Release;
		};
		224B76E22C119FCC00B3A2A6 /* Build configuration list for PBXNativeTarget "SamplePokemonAppTests" */ = {
			isa = XCConfigurationList;
			buildConfigurations = (
				224B76E32C119FCC00B3A2A6 /* Debug */,
				224B76E42C119FCC00B3A2A6 /* Release */,
			);
			defaultConfigurationIsVisible = 0;
			defaultConfigurationName = Release;
		};
/* End XCConfigurationList section */
	};
	rootObject = 224B76B02C119FCB00B3A2A6 /* Project object */;
}
